
Microsoft Visual Studio Solution File, Format Version 12.00
# Visual Studio Version 16
VisualStudioVersion = 16.0.30804.86
MinimumVisualStudioVersion = 10.0.40219.1
Project("{9A19103F-16F7-4668-BE54-9A1E7A4F7556}") = "UnitTestDatabaseExample", "UnitTestDatabaseExample.SQLITE\UnitTestDatabaseExample.csproj", "{747D98F0-3101-4B5F-B992-FBF8DC9B0C61}"
EndProject
Project("{9A19103F-16F7-4668-BE54-9A1E7A4F7556}") = "UnitTestDatabaseExample.Test", "UnitTestDatabaseExample.Test\UnitTestDatabaseExample.Test.csproj", "{94BCF39F-5AC5-42B1-9B58-6C81808D6117}"
EndProject
Global
	GlobalSection(SolutionConfigurationPlatforms) = preSolution
		Debug|Any CPU = Debug|Any CPU
		Release|Any CPU = Release|Any CPU
	EndGlobalSection
	GlobalSection(ProjectConfigurationPlatforms) = postSolution
		{747D98F0-3101-4B5F-B992-FBF8DC9B0C61}.Debug|Any CPU.ActiveCfg = Debug|Any CPU
		{747D98F0-3101-4B5F-B992-FBF8DC9B0C61}.Debug|Any CPU.Build.0 = Debug|Any CPU
		{747D98F0-3101-4B5F-B992-FBF8DC9B0C61}.Release|Any CPU.ActiveCfg = Release|Any CPU
		{747D98F0-3101-4B5F-B992-FBF8DC9B0C61}.Release|Any CPU.Build.0 = Release|Any CPU
		{94BCF39F-5AC5-42B1-9B58-6C81808D6117}.Debug|Any CPU.ActiveCfg = Debug|Any CPU
		{94BCF39F-5AC5-42B1-9B58-6C81808D6117}.Debug|Any CPU.Build.0 = Debug|Any CPU
		{94BCF39F-5AC5-42B1-9B58-6C81808D6117}.Release|Any CPU.ActiveCfg = Release|Any CPU
		{94BCF39F-5AC5-42B1-9B58-6C81808D6117}.Release|Any CPU.Build.0 = Release|Any CPU
	EndGlobalSection
	GlobalSection(SolutionProperties) = preSolution
		HideSolutionNode = FALSE
	EndGlobalSection
	GlobalSection(ExtensibilityGlobals) = postSolution
		SolutionGuid = {3000A400-AFAA-4462-9376-C0F48D397B50}
	EndGlobalSection
EndGlobal
